// !$*UTF8*$!
{
	archiveVersion = 1;
	classes = {
	};
	objectVersion = 48;
	objects = {

/* Begin PBXBuildFile section */
		AC259AF21FAF392E0094A5F1 /* Bolts.framework in Frameworks */ = {isa = PBXBuildFile; fileRef = AC259AEE1FAF392E0094A5F1 /* Bolts.framework */; };
		AC259AF31FAF392E0094A5F1 /* Bolts.framework in Frameworks */ = {isa = PBXBuildFile; fileRef = AC259AEE1FAF392E0094A5F1 /* Bolts.framework */; };
		AC259AF41FAF392E0094A5F1 /* Bolts.framework in Frameworks */ = {isa = PBXBuildFile; fileRef = AC259AEE1FAF392E0094A5F1 /* Bolts.framework */; };
		AC259AF51FAF392E0094A5F1 /* FBSDKShareKit.framework in Frameworks */ = {isa = PBXBuildFile; fileRef = AC259AEF1FAF392E0094A5F1 /* FBSDKShareKit.framework */; };
		AC259AF61FAF392E0094A5F1 /* FBSDKShareKit.framework in Frameworks */ = {isa = PBXBuildFile; fileRef = AC259AEF1FAF392E0094A5F1 /* FBSDKShareKit.framework */; };
		AC259AF71FAF392E0094A5F1 /* FBSDKShareKit.framework in Frameworks */ = {isa = PBXBuildFile; fileRef = AC259AEF1FAF392E0094A5F1 /* FBSDKShareKit.framework */; };
		AC259AF81FAF392E0094A5F1 /* FBSDKCoreKit.framework in Frameworks */ = {isa = PBXBuildFile; fileRef = AC259AF01FAF392E0094A5F1 /* FBSDKCoreKit.framework */; };
		AC259AF91FAF392E0094A5F1 /* FBSDKCoreKit.framework in Frameworks */ = {isa = PBXBuildFile; fileRef = AC259AF01FAF392E0094A5F1 /* FBSDKCoreKit.framework */; };
		AC259AFA1FAF392E0094A5F1 /* FBSDKCoreKit.framework in Frameworks */ = {isa = PBXBuildFile; fileRef = AC259AF01FAF392E0094A5F1 /* FBSDKCoreKit.framework */; };
		AC259AFB1FAF392E0094A5F1 /* FBSDKLoginKit.framework in Frameworks */ = {isa = PBXBuildFile; fileRef = AC259AF11FAF392E0094A5F1 /* FBSDKLoginKit.framework */; };
		AC259AFC1FAF392E0094A5F1 /* FBSDKLoginKit.framework in Frameworks */ = {isa = PBXBuildFile; fileRef = AC259AF11FAF392E0094A5F1 /* FBSDKLoginKit.framework */; };
		AC259AFD1FAF392E0094A5F1 /* FBSDKLoginKit.framework in Frameworks */ = {isa = PBXBuildFile; fileRef = AC259AF11FAF392E0094A5F1 /* FBSDKLoginKit.framework */; };
		AC8F91791FA9366800D6AB8F /* AppDelegate.swift in Sources */ = {isa = PBXBuildFile; fileRef = AC8F91781FA9366800D6AB8F /* AppDelegate.swift */; };
		AC8F917B1FA9366800D6AB8F /* ViewController.swift in Sources */ = {isa = PBXBuildFile; fileRef = AC8F917A1FA9366800D6AB8F /* ViewController.swift */; };
		AC8F917E1FA9366800D6AB8F /* Main.storyboard in Resources */ = {isa = PBXBuildFile; fileRef = AC8F917C1FA9366800D6AB8F /* Main.storyboard */; };
		AC8F91811FA9366800D6AB8F /* NeVA.xcdatamodeld in Sources */ = {isa = PBXBuildFile; fileRef = AC8F917F1FA9366800D6AB8F /* NeVA.xcdatamodeld */; };
		AC8F91831FA9366800D6AB8F /* Assets.xcassets in Resources */ = {isa = PBXBuildFile; fileRef = AC8F91821FA9366800D6AB8F /* Assets.xcassets */; };
		AC8F91861FA9366800D6AB8F /* LaunchScreen.storyboard in Resources */ = {isa = PBXBuildFile; fileRef = AC8F91841FA9366800D6AB8F /* LaunchScreen.storyboard */; };
		AC8F91911FA9366800D6AB8F /* NeVATests.swift in Sources */ = {isa = PBXBuildFile; fileRef = AC8F91901FA9366800D6AB8F /* NeVATests.swift */; };
		AC8F919C1FA9366800D6AB8F /* NeVAUITests.swift in Sources */ = {isa = PBXBuildFile; fileRef = AC8F919B1FA9366800D6AB8F /* NeVAUITests.swift */; };
/* End PBXBuildFile section */

/* Begin PBXContainerItemProxy section */
		AC8F918D1FA9366800D6AB8F /* PBXContainerItemProxy */ = {
			isa = PBXContainerItemProxy;
			containerPortal = AC8F916D1FA9366800D6AB8F /* Project object */;
			proxyType = 1;
			remoteGlobalIDString = AC8F91741FA9366800D6AB8F;
			remoteInfo = NeVA;
		};
		AC8F91981FA9366800D6AB8F /* PBXContainerItemProxy */ = {
			isa = PBXContainerItemProxy;
			containerPortal = AC8F916D1FA9366800D6AB8F /* Project object */;
			proxyType = 1;
			remoteGlobalIDString = AC8F91741FA9366800D6AB8F;
			remoteInfo = NeVA;
		};
/* End PBXContainerItemProxy section */

/* Begin PBXFileReference section */
		AC259AEE1FAF392E0094A5F1 /* Bolts.framework */ = {isa = PBXFileReference; lastKnownFileType = wrapper.framework; name = Bolts.framework; path = ../../../../dependencies/ios/FacebookSDK/Bolts.framework; sourceTree = "<group>"; };
		AC259AEF1FAF392E0094A5F1 /* FBSDKShareKit.framework */ = {isa = PBXFileReference; lastKnownFileType = wrapper.framework; name = FBSDKShareKit.framework; path = ../../../../dependencies/ios/FacebookSDK/FBSDKShareKit.framework; sourceTree = "<group>"; };
		AC259AF01FAF392E0094A5F1 /* FBSDKCoreKit.framework */ = {isa = PBXFileReference; lastKnownFileType = wrapper.framework; name = FBSDKCoreKit.framework; path = ../../../../dependencies/ios/FacebookSDK/FBSDKCoreKit.framework; sourceTree = "<group>"; };
		AC259AF11FAF392E0094A5F1 /* FBSDKLoginKit.framework */ = {isa = PBXFileReference; lastKnownFileType = wrapper.framework; name = FBSDKLoginKit.framework; path = ../../../../dependencies/ios/FacebookSDK/FBSDKLoginKit.framework; sourceTree = "<group>"; };
		AC8F91751FA9366800D6AB8F /* NeVA.app */ = {isa = PBXFileReference; explicitFileType = wrapper.application; includeInIndex = 0; path = NeVA.app; sourceTree = BUILT_PRODUCTS_DIR; };
		AC8F91781FA9366800D6AB8F /* AppDelegate.swift */ = {isa = PBXFileReference; lastKnownFileType = sourcecode.swift; path = AppDelegate.swift; sourceTree = "<group>"; };
		AC8F917A1FA9366800D6AB8F /* ViewController.swift */ = {isa = PBXFileReference; lastKnownFileType = sourcecode.swift; path = ViewController.swift; sourceTree = "<group>"; };
		AC8F917D1FA9366800D6AB8F /* Base */ = {isa = PBXFileReference; lastKnownFileType = file.storyboard; name = Base; path = Base.lproj/Main.storyboard; sourceTree = "<group>"; };
		AC8F91801FA9366800D6AB8F /* NeVA.xcdatamodel */ = {isa = PBXFileReference; lastKnownFileType = wrapper.xcdatamodel; path = NeVA.xcdatamodel; sourceTree = "<group>"; };
		AC8F91821FA9366800D6AB8F /* Assets.xcassets */ = {isa = PBXFileReference; lastKnownFileType = folder.assetcatalog; path = Assets.xcassets; sourceTree = "<group>"; };
		AC8F91851FA9366800D6AB8F /* Base */ = {isa = PBXFileReference; lastKnownFileType = file.storyboard; name = Base; path = Base.lproj/LaunchScreen.storyboard; sourceTree = "<group>"; };
		AC8F91871FA9366800D6AB8F /* Info.plist */ = {isa = PBXFileReference; lastKnownFileType = text.plist.xml; path = Info.plist; sourceTree = "<group>"; };
		AC8F918C1FA9366800D6AB8F /* NeVATests.xctest */ = {isa = PBXFileReference; explicitFileType = wrapper.cfbundle; includeInIndex = 0; path = NeVATests.xctest; sourceTree = BUILT_PRODUCTS_DIR; };
		AC8F91901FA9366800D6AB8F /* NeVATests.swift */ = {isa = PBXFileReference; lastKnownFileType = sourcecode.swift; path = NeVATests.swift; sourceTree = "<group>"; };
		AC8F91921FA9366800D6AB8F /* Info.plist */ = {isa = PBXFileReference; lastKnownFileType = text.plist.xml; path = Info.plist; sourceTree = "<group>"; };
		AC8F91971FA9366800D6AB8F /* NeVAUITests.xctest */ = {isa = PBXFileReference; explicitFileType = wrapper.cfbundle; includeInIndex = 0; path = NeVAUITests.xctest; sourceTree = BUILT_PRODUCTS_DIR; };
		AC8F919B1FA9366800D6AB8F /* NeVAUITests.swift */ = {isa = PBXFileReference; lastKnownFileType = sourcecode.swift; path = NeVAUITests.swift; sourceTree = "<group>"; };
		AC8F919D1FA9366800D6AB8F /* Info.plist */ = {isa = PBXFileReference; lastKnownFileType = text.plist.xml; path = Info.plist; sourceTree = "<group>"; };
/* End PBXFileReference section */

/* Begin PBXFrameworksBuildPhase section */
		AC8F91721FA9366800D6AB8F /* Frameworks */ = {
			isa = PBXFrameworksBuildPhase;
			buildActionMask = 2147483647;
			files = (
				AC259AF51FAF392E0094A5F1 /* FBSDKShareKit.framework in Frameworks */,
				AC259AF81FAF392E0094A5F1 /* FBSDKCoreKit.framework in Frameworks */,
				AC259AFB1FAF392E0094A5F1 /* FBSDKLoginKit.framework in Frameworks */,
				AC259AF21FAF392E0094A5F1 /* Bolts.framework in Frameworks */,
			);
			runOnlyForDeploymentPostprocessing = 0;
		};
		AC8F91891FA9366800D6AB8F /* Frameworks */ = {
			isa = PBXFrameworksBuildPhase;
			buildActionMask = 2147483647;
			files = (
				AC259AF61FAF392E0094A5F1 /* FBSDKShareKit.framework in Frameworks */,
				AC259AF91FAF392E0094A5F1 /* FBSDKCoreKit.framework in Frameworks */,
				AC259AFC1FAF392E0094A5F1 /* FBSDKLoginKit.framework in Frameworks */,
				AC259AF31FAF392E0094A5F1 /* Bolts.framework in Frameworks */,
			);
			runOnlyForDeploymentPostprocessing = 0;
		};
		AC8F91941FA9366800D6AB8F /* Frameworks */ = {
			isa = PBXFrameworksBuildPhase;
			buildActionMask = 2147483647;
			files = (
				AC259AF71FAF392E0094A5F1 /* FBSDKShareKit.framework in Frameworks */,
				AC259AFA1FAF392E0094A5F1 /* FBSDKCoreKit.framework in Frameworks */,
				AC259AFD1FAF392E0094A5F1 /* FBSDKLoginKit.framework in Frameworks */,
				AC259AF41FAF392E0094A5F1 /* Bolts.framework in Frameworks */,
			);
			runOnlyForDeploymentPostprocessing = 0;
		};
/* End PBXFrameworksBuildPhase section */

/* Begin PBXGroup section */
		AC1DD66D1FAF36C9003246E5 /* Frameworks */ = {
			isa = PBXGroup;
			children = (
				AC259AEE1FAF392E0094A5F1 /* Bolts.framework */,
				AC259AF01FAF392E0094A5F1 /* FBSDKCoreKit.framework */,
				AC259AF11FAF392E0094A5F1 /* FBSDKLoginKit.framework */,
				AC259AEF1FAF392E0094A5F1 /* FBSDKShareKit.framework */,
			);
			path = Frameworks;
			sourceTree = "<group>";
		};
		AC8F916C1FA9366800D6AB8F = {
			isa = PBXGroup;
			children = (
				AC8F91771FA9366800D6AB8F /* NeVA */,
				AC8F918F1FA9366800D6AB8F /* NeVATests */,
				AC8F919A1FA9366800D6AB8F /* NeVAUITests */,
				AC8F91761FA9366800D6AB8F /* Products */,
			);
			sourceTree = "<group>";
		};
		AC8F91761FA9366800D6AB8F /* Products */ = {
			isa = PBXGroup;
			children = (
				AC8F91751FA9366800D6AB8F /* NeVA.app */,
				AC8F918C1FA9366800D6AB8F /* NeVATests.xctest */,
				AC8F91971FA9366800D6AB8F /* NeVAUITests.xctest */,
			);
			name = Products;
			sourceTree = "<group>";
		};
		AC8F91771FA9366800D6AB8F /* NeVA */ = {
			isa = PBXGroup;
			children = (
				AC1DD66D1FAF36C9003246E5 /* Frameworks */,
				AC8F91781FA9366800D6AB8F /* AppDelegate.swift */,
				AC8F917A1FA9366800D6AB8F /* ViewController.swift */,
				AC8F917C1FA9366800D6AB8F /* Main.storyboard */,
				AC8F91821FA9366800D6AB8F /* Assets.xcassets */,
				AC8F91841FA9366800D6AB8F /* LaunchScreen.storyboard */,
				AC8F91871FA9366800D6AB8F /* Info.plist */,
				AC8F917F1FA9366800D6AB8F /* NeVA.xcdatamodeld */,
			);
			path = NeVA;
			sourceTree = "<group>";
		};
		AC8F918F1FA9366800D6AB8F /* NeVATests */ = {
			isa = PBXGroup;
			children = (
				AC8F91901FA9366800D6AB8F /* NeVATests.swift */,
				AC8F91921FA9366800D6AB8F /* Info.plist */,
			);
			path = NeVATests;
			sourceTree = "<group>";
		};
		AC8F919A1FA9366800D6AB8F /* NeVAUITests */ = {
			isa = PBXGroup;
			children = (
				AC8F919B1FA9366800D6AB8F /* NeVAUITests.swift */,
				AC8F919D1FA9366800D6AB8F /* Info.plist */,
			);
			path = NeVAUITests;
			sourceTree = "<group>";
		};
/* End PBXGroup section */

/* Begin PBXNativeTarget section */
		AC8F91741FA9366800D6AB8F /* NeVA */ = {
			isa = PBXNativeTarget;
			buildConfigurationList = AC8F91A01FA9366800D6AB8F /* Build configuration list for PBXNativeTarget "NeVA" */;
			buildPhases = (
				AC8F91711FA9366800D6AB8F /* Sources */,
				AC8F91721FA9366800D6AB8F /* Frameworks */,
				AC8F91731FA9366800D6AB8F /* Resources */,
			);
			buildRules = (
			);
			dependencies = (
			);
			name = NeVA;
			productName = NeVA;
			productReference = AC8F91751FA9366800D6AB8F /* NeVA.app */;
			productType = "com.apple.product-type.application";
		};
		AC8F918B1FA9366800D6AB8F /* NeVATests */ = {
			isa = PBXNativeTarget;
			buildConfigurationList = AC8F91A31FA9366800D6AB8F /* Build configuration list for PBXNativeTarget "NeVATests" */;
			buildPhases = (
				AC8F91881FA9366800D6AB8F /* Sources */,
				AC8F91891FA9366800D6AB8F /* Frameworks */,
				AC8F918A1FA9366800D6AB8F /* Resources */,
			);
			buildRules = (
			);
			dependencies = (
				AC8F918E1FA9366800D6AB8F /* PBXTargetDependency */,
			);
			name = NeVATests;
			productName = NeVATests;
			productReference = AC8F918C1FA9366800D6AB8F /* NeVATests.xctest */;
			productType = "com.apple.product-type.bundle.unit-test";
		};
		AC8F91961FA9366800D6AB8F /* NeVAUITests */ = {
			isa = PBXNativeTarget;
			buildConfigurationList = AC8F91A61FA9366800D6AB8F /* Build configuration list for PBXNativeTarget "NeVAUITests" */;
			buildPhases = (
				AC8F91931FA9366800D6AB8F /* Sources */,
				AC8F91941FA9366800D6AB8F /* Frameworks */,
				AC8F91951FA9366800D6AB8F /* Resources */,
			);
			buildRules = (
			);
			dependencies = (
				AC8F91991FA9366800D6AB8F /* PBXTargetDependency */,
			);
			name = NeVAUITests;
			productName = NeVAUITests;
			productReference = AC8F91971FA9366800D6AB8F /* NeVAUITests.xctest */;
			productType = "com.apple.product-type.bundle.ui-testing";
		};
/* End PBXNativeTarget section */

/* Begin PBXProject section */
		AC8F916D1FA9366800D6AB8F /* Project object */ = {
			isa = PBXProject;
			attributes = {
				LastSwiftUpdateCheck = 0910;
				LastUpgradeCheck = 0910;
				ORGANIZATIONNAME = "Bilemiyorum Altan";
				TargetAttributes = {
					AC8F91741FA9366800D6AB8F = {
						CreatedOnToolsVersion = 9.1;
						ProvisioningStyle = Automatic;
					};
					AC8F918B1FA9366800D6AB8F = {
						CreatedOnToolsVersion = 9.1;
						ProvisioningStyle = Automatic;
						TestTargetID = AC8F91741FA9366800D6AB8F;
					};
					AC8F91961FA9366800D6AB8F = {
						CreatedOnToolsVersion = 9.1;
						ProvisioningStyle = Automatic;
						TestTargetID = AC8F91741FA9366800D6AB8F;
					};
				};
			};
			buildConfigurationList = AC8F91701FA9366800D6AB8F /* Build configuration list for PBXProject "NeVA" */;
			compatibilityVersion = "Xcode 8.0";
			developmentRegion = en;
			hasScannedForEncodings = 0;
			knownRegions = (
				en,
				Base,
			);
			mainGroup = AC8F916C1FA9366800D6AB8F;
			productRefGroup = AC8F91761FA9366800D6AB8F /* Products */;
			projectDirPath = "";
			projectRoot = "";
			targets = (
				AC8F91741FA9366800D6AB8F /* NeVA */,
				AC8F918B1FA9366800D6AB8F /* NeVATests */,
				AC8F91961FA9366800D6AB8F /* NeVAUITests */,
			);
		};
/* End PBXProject section */

/* Begin PBXResourcesBuildPhase section */
		AC8F91731FA9366800D6AB8F /* Resources */ = {
			isa = PBXResourcesBuildPhase;
			buildActionMask = 2147483647;
			files = (
				AC8F91861FA9366800D6AB8F /* LaunchScreen.storyboard in Resources */,
				AC8F91831FA9366800D6AB8F /* Assets.xcassets in Resources */,
				AC8F917E1FA9366800D6AB8F /* Main.storyboard in Resources */,
			);
			runOnlyForDeploymentPostprocessing = 0;
		};
		AC8F918A1FA9366800D6AB8F /* Resources */ = {
			isa = PBXResourcesBuildPhase;
			buildActionMask = 2147483647;
			files = (
			);
			runOnlyForDeploymentPostprocessing = 0;
		};
		AC8F91951FA9366800D6AB8F /* Resources */ = {
			isa = PBXResourcesBuildPhase;
			buildActionMask = 2147483647;
			files = (
			);
			runOnlyForDeploymentPostprocessing = 0;
		};
/* End PBXResourcesBuildPhase section */

/* Begin PBXSourcesBuildPhase section */
		AC8F91711FA9366800D6AB8F /* Sources */ = {
			isa = PBXSourcesBuildPhase;
			buildActionMask = 2147483647;
			files = (
				AC8F917B1FA9366800D6AB8F /* ViewController.swift in Sources */,
				AC8F91791FA9366800D6AB8F /* AppDelegate.swift in Sources */,
				AC8F91811FA9366800D6AB8F /* NeVA.xcdatamodeld in Sources */,
			);
			runOnlyForDeploymentPostprocessing = 0;
		};
		AC8F91881FA9366800D6AB8F /* Sources */ = {
			isa = PBXSourcesBuildPhase;
			buildActionMask = 2147483647;
			files = (
				AC8F91911FA9366800D6AB8F /* NeVATests.swift in Sources */,
			);
			runOnlyForDeploymentPostprocessing = 0;
		};
		AC8F91931FA9366800D6AB8F /* Sources */ = {
			isa = PBXSourcesBuildPhase;
			buildActionMask = 2147483647;
			files = (
				AC8F919C1FA9366800D6AB8F /* NeVAUITests.swift in Sources */,
			);
			runOnlyForDeploymentPostprocessing = 0;
		};
/* End PBXSourcesBuildPhase section */

/* Begin PBXTargetDependency section */
		AC8F918E1FA9366800D6AB8F /* PBXTargetDependency */ = {
			isa = PBXTargetDependency;
			target = AC8F91741FA9366800D6AB8F /* NeVA */;
			targetProxy = AC8F918D1FA9366800D6AB8F /* PBXContainerItemProxy */;
		};
		AC8F91991FA9366800D6AB8F /* PBXTargetDependency */ = {
			isa = PBXTargetDependency;
			target = AC8F91741FA9366800D6AB8F /* NeVA */;
			targetProxy = AC8F91981FA9366800D6AB8F /* PBXContainerItemProxy */;
		};
/* End PBXTargetDependency section */

/* Begin PBXVariantGroup section */
		AC8F917C1FA9366800D6AB8F /* Main.storyboard */ = {
			isa = PBXVariantGroup;
			children = (
				AC8F917D1FA9366800D6AB8F /* Base */,
			);
			name = Main.storyboard;
			sourceTree = "<group>";
		};
		AC8F91841FA9366800D6AB8F /* LaunchScreen.storyboard */ = {
			isa = PBXVariantGroup;
			children = (
				AC8F91851FA9366800D6AB8F /* Base */,
			);
			name = LaunchScreen.storyboard;
			sourceTree = "<group>";
		};
/* End PBXVariantGroup section */

/* Begin XCBuildConfiguration section */
		AC8F919E1FA9366800D6AB8F /* Debug */ = {
			isa = XCBuildConfiguration;
			buildSettings = {
				ALWAYS_SEARCH_USER_PATHS = NO;
				CLANG_ANALYZER_NONNULL = YES;
				CLANG_ANALYZER_NUMBER_OBJECT_CONVERSION = YES_AGGRESSIVE;
				CLANG_CXX_LANGUAGE_STANDARD = "gnu++14";
				CLANG_CXX_LIBRARY = "libc++";
				CLANG_ENABLE_MODULES = YES;
				CLANG_ENABLE_OBJC_ARC = YES;
				CLANG_WARN_BLOCK_CAPTURE_AUTORELEASING = YES;
				CLANG_WARN_BOOL_CONVERSION = YES;
				CLANG_WARN_COMMA = YES;
				CLANG_WARN_CONSTANT_CONVERSION = YES;
				CLANG_WARN_DIRECT_OBJC_ISA_USAGE = YES_ERROR;
				CLANG_WARN_DOCUMENTATION_COMMENTS = YES;
				CLANG_WARN_EMPTY_BODY = YES;
				CLANG_WARN_ENUM_CONVERSION = YES;
				CLANG_WARN_INFINITE_RECURSION = YES;
				CLANG_WARN_INT_CONVERSION = YES;
				CLANG_WARN_NON_LITERAL_NULL_CONVERSION = YES;
				CLANG_WARN_OBJC_LITERAL_CONVERSION = YES;
				CLANG_WARN_OBJC_ROOT_CLASS = YES_ERROR;
				CLANG_WARN_RANGE_LOOP_ANALYSIS = YES;
				CLANG_WARN_STRICT_PROTOTYPES = YES;
				CLANG_WARN_SUSPICIOUS_MOVE = YES;
				CLANG_WARN_UNGUARDED_AVAILABILITY = YES_AGGRESSIVE;
				CLANG_WARN_UNREACHABLE_CODE = YES;
				CLANG_WARN__DUPLICATE_METHOD_MATCH = YES;
				CODE_SIGN_IDENTITY = "iPhone Developer";
				COPY_PHASE_STRIP = NO;
				DEBUG_INFORMATION_FORMAT = dwarf;
				ENABLE_STRICT_OBJC_MSGSEND = YES;
				ENABLE_TESTABILITY = YES;
				GCC_C_LANGUAGE_STANDARD = gnu11;
				GCC_DYNAMIC_NO_PIC = NO;
				GCC_NO_COMMON_BLOCKS = YES;
				GCC_OPTIMIZATION_LEVEL = 0;
				GCC_PREPROCESSOR_DEFINITIONS = (
					"DEBUG=1",
					"$(inherited)",
				);
				GCC_WARN_64_TO_32_BIT_CONVERSION = YES;
				GCC_WARN_ABOUT_RETURN_TYPE = YES_ERROR;
				GCC_WARN_UNDECLARED_SELECTOR = YES;
				GCC_WARN_UNINITIALIZED_AUTOS = YES_AGGRESSIVE;
				GCC_WARN_UNUSED_FUNCTION = YES;
				GCC_WARN_UNUSED_VARIABLE = YES;
				IPHONEOS_DEPLOYMENT_TARGET = 11.1;
				MTL_ENABLE_DEBUG_INFO = YES;
				ONLY_ACTIVE_ARCH = YES;
				SDKROOT = iphoneos;
				SWIFT_ACTIVE_COMPILATION_CONDITIONS = DEBUG;
				SWIFT_OPTIMIZATION_LEVEL = "-Onone";
			};
			name = Debug;
		};
		AC8F919F1FA9366800D6AB8F /* Release */ = {
			isa = XCBuildConfiguration;
			buildSettings = {
				ALWAYS_SEARCH_USER_PATHS = NO;
				CLANG_ANALYZER_NONNULL = YES;
				CLANG_ANALYZER_NUMBER_OBJECT_CONVERSION = YES_AGGRESSIVE;
				CLANG_CXX_LANGUAGE_STANDARD = "gnu++14";
				CLANG_CXX_LIBRARY = "libc++";
				CLANG_ENABLE_MODULES = YES;
				CLANG_ENABLE_OBJC_ARC = YES;
				CLANG_WARN_BLOCK_CAPTURE_AUTORELEASING = YES;
				CLANG_WARN_BOOL_CONVERSION = YES;
				CLANG_WARN_COMMA = YES;
				CLANG_WARN_CONSTANT_CONVERSION = YES;
				CLANG_WARN_DIRECT_OBJC_ISA_USAGE = YES_ERROR;
				CLANG_WARN_DOCUMENTATION_COMMENTS = YES;
				CLANG_WARN_EMPTY_BODY = YES;
				CLANG_WARN_ENUM_CONVERSION = YES;
				CLANG_WARN_INFINITE_RECURSION = YES;
				CLANG_WARN_INT_CONVERSION = YES;
				CLANG_WARN_NON_LITERAL_NULL_CONVERSION = YES;
				CLANG_WARN_OBJC_LITERAL_CONVERSION = YES;
				CLANG_WARN_OBJC_ROOT_CLASS = YES_ERROR;
				CLANG_WARN_RANGE_LOOP_ANALYSIS = YES;
				CLANG_WARN_STRICT_PROTOTYPES = YES;
				CLANG_WARN_SUSPICIOUS_MOVE = YES;
				CLANG_WARN_UNGUARDED_AVAILABILITY = YES_AGGRESSIVE;
				CLANG_WARN_UNREACHABLE_CODE = YES;
				CLANG_WARN__DUPLICATE_METHOD_MATCH = YES;
				CODE_SIGN_IDENTITY = "iPhone Developer";
				COPY_PHASE_STRIP = NO;
				DEBUG_INFORMATION_FORMAT = "dwarf-with-dsym";
				ENABLE_NS_ASSERTIONS = NO;
				ENABLE_STRICT_OBJC_MSGSEND = YES;
				GCC_C_LANGUAGE_STANDARD = gnu11;
				GCC_NO_COMMON_BLOCKS = YES;
				GCC_WARN_64_TO_32_BIT_CONVERSION = YES;
				GCC_WARN_ABOUT_RETURN_TYPE = YES_ERROR;
				GCC_WARN_UNDECLARED_SELECTOR = YES;
				GCC_WARN_UNINITIALIZED_AUTOS = YES_AGGRESSIVE;
				GCC_WARN_UNUSED_FUNCTION = YES;
				GCC_WARN_UNUSED_VARIABLE = YES;
				IPHONEOS_DEPLOYMENT_TARGET = 11.1;
				MTL_ENABLE_DEBUG_INFO = NO;
				SDKROOT = iphoneos;
				SWIFT_OPTIMIZATION_LEVEL = "-Owholemodule";
				VALIDATE_PRODUCT = YES;
			};
			name = Release;
		};
		AC8F91A11FA9366800D6AB8F /* Debug */ = {
			isa = XCBuildConfiguration;
			buildSettings = {
				ASSETCATALOG_COMPILER_APPICON_NAME = AppIcon;
				CODE_SIGN_STYLE = Automatic;
				DEVELOPMENT_TEAM = BKXHNMX4QR;
				ENABLE_BITCODE = NO;
				"FRAMEWORK_SEARCH_PATHS[arch=*]" = ../../dependencies/ios/FacebookSDK/;
				INFOPLIST_FILE = NeVA/Info.plist;
				LD_RUNPATH_SEARCH_PATHS = "$(inherited) @executable_path/Frameworks";
				PRODUCT_BUNDLE_IDENTIFIER = com.bilemiyorumaltan.NeVA;
				PRODUCT_NAME = "$(TARGET_NAME)";
				SWIFT_VERSION = 4.0;
				TARGETED_DEVICE_FAMILY = "1,2";
			};
			name = Debug;
		};
		AC8F91A21FA9366800D6AB8F /* Release */ = {
			isa = XCBuildConfiguration;
			buildSettings = {
				ASSETCATALOG_COMPILER_APPICON_NAME = AppIcon;
				CODE_SIGN_STYLE = Automatic;
				DEVELOPMENT_TEAM = BKXHNMX4QR;
				ENABLE_BITCODE = NO;
				"FRAMEWORK_SEARCH_PATHS[arch=*]" = ../../dependencies/ios/FacebookSDK/;
				INFOPLIST_FILE = NeVA/Info.plist;
				LD_RUNPATH_SEARCH_PATHS = "$(inherited) @executable_path/Frameworks";
				PRODUCT_BUNDLE_IDENTIFIER = com.bilemiyorumaltan.NeVA;
				PRODUCT_NAME = "$(TARGET_NAME)";
				SWIFT_VERSION = 4.0;
				TARGETED_DEVICE_FAMILY = "1,2";
			};
			name = Release;
		};
		AC8F91A41FA9366800D6AB8F /* Debug */ = {
			isa = XCBuildConfiguration;
			buildSettings = {
				ALWAYS_EMBED_SWIFT_STANDARD_LIBRARIES = YES;
				BUNDLE_LOADER = "$(TEST_HOST)";
				CODE_SIGN_STYLE = Automatic;
				DEVELOPMENT_TEAM = BKXHNMX4QR;
				INFOPLIST_FILE = NeVATests/Info.plist;
				LD_RUNPATH_SEARCH_PATHS = "$(inherited) @executable_path/Frameworks @loader_path/Frameworks";
				PRODUCT_BUNDLE_IDENTIFIER = com.bilemiyorumaltan.NeVATests;
				PRODUCT_NAME = "$(TARGET_NAME)";
				SWIFT_VERSION = 4.0;
				TARGETED_DEVICE_FAMILY = "1,2";
				TEST_HOST = "$(BUILT_PRODUCTS_DIR)/NeVA.app/NeVA";
			};
			name = Debug;
		};
		AC8F91A51FA9366800D6AB8F /* Release */ = {
			isa = XCBuildConfiguration;
			buildSettings = {
				ALWAYS_EMBED_SWIFT_STANDARD_LIBRARIES = YES;
				BUNDLE_LOADER = "$(TEST_HOST)";
				CODE_SIGN_STYLE = Automatic;
				DEVELOPMENT_TEAM = BKXHNMX4QR;
				INFOPLIST_FILE = NeVATests/Info.plist;
				LD_RUNPATH_SEARCH_PATHS = "$(inherited) @executable_path/Frameworks @loader_path/Frameworks";
				PRODUCT_BUNDLE_IDENTIFIER = com.bilemiyorumaltan.NeVATests;
				PRODUCT_NAME = "$(TARGET_NAME)";
				SWIFT_VERSION = 4.0;
				TARGETED_DEVICE_FAMILY = "1,2";
				TEST_HOST = "$(BUILT_PRODUCTS_DIR)/NeVA.app/NeVA";
			};
			name = Release;
		};
		AC8F91A71FA9366800D6AB8F /* Debug */ = {
			isa = XCBuildConfiguration;
			buildSettings = {
				ALWAYS_EMBED_SWIFT_STANDARD_LIBRARIES = YES;
				CODE_SIGN_STYLE = Automatic;
				DEVELOPMENT_TEAM = BKXHNMX4QR;
				INFOPLIST_FILE = NeVAUITests/Info.plist;
				LD_RUNPATH_SEARCH_PATHS = "$(inherited) @executable_path/Frameworks @loader_path/Frameworks";
				PRODUCT_BUNDLE_IDENTIFIER = com.bilemiyorumaltan.NeVAUITests;
				PRODUCT_NAME = "$(TARGET_NAME)";
				SWIFT_VERSION = 4.0;
				TARGETED_DEVICE_FAMILY = "1,2";
				TEST_TARGET_NAME = NeVA;
			};
			name = Debug;
		};
		AC8F91A81FA9366800D6AB8F /* Release */ = {
			isa = XCBuildConfiguration;
			buildSettings = {
				ALWAYS_EMBED_SWIFT_STANDARD_LIBRARIES = YES;
				CODE_SIGN_STYLE = Automatic;
				DEVELOPMENT_TEAM = BKXHNMX4QR;
				INFOPLIST_FILE = NeVAUITests/Info.plist;
				LD_RUNPATH_SEARCH_PATHS = "$(inherited) @executable_path/Frameworks @loader_path/Frameworks";
				PRODUCT_BUNDLE_IDENTIFIER = com.bilemiyorumaltan.NeVAUITests;
				PRODUCT_NAME = "$(TARGET_NAME)";
				SWIFT_VERSION = 4.0;
				TARGETED_DEVICE_FAMILY = "1,2";
				TEST_TARGET_NAME = NeVA;
			};
			name = Release;
		};
/* End XCBuildConfiguration section */

/* Begin XCConfigurationList section */
		AC8F91701FA9366800D6AB8F /* Build configuration list for PBXProject "NeVA" */ = {
			isa = XCConfigurationList;
			buildConfigurations = (
				AC8F919E1FA9366800D6AB8F /* Debug */,
				AC8F919F1FA9366800D6AB8F /* Release */,
			);
			defaultConfigurationIsVisible = 0;
			defaultConfigurationName = Release;
		};
		AC8F91A01FA9366800D6AB8F /* Build configuration list for PBXNativeTarget "NeVA" */ = {
			isa = XCConfigurationList;
			buildConfigurations = (
				AC8F91A11FA9366800D6AB8F /* Debug */,
				AC8F91A21FA9366800D6AB8F /* Release */,
			);
			defaultConfigurationIsVisible = 0;
			defaultConfigurationName = Release;
		};
		AC8F91A31FA9366800D6AB8F /* Build configuration list for PBXNativeTarget "NeVATests" */ = {
			isa = XCConfigurationList;
			buildConfigurations = (
				AC8F91A41FA9366800D6AB8F /* Debug */,
				AC8F91A51FA9366800D6AB8F /* Release */,
			);
			defaultConfigurationIsVisible = 0;
			defaultConfigurationName = Release;
		};
		AC8F91A61FA9366800D6AB8F /* Build configuration list for PBXNativeTarget "NeVAUITests" */ = {
			isa = XCConfigurationList;
			buildConfigurations = (
				AC8F91A71FA9366800D6AB8F /* Debug */,
				AC8F91A81FA9366800D6AB8F /* Release */,
			);
			defaultConfigurationIsVisible = 0;
			defaultConfigurationName = Release;
		};
/* End XCConfigurationList section */

/* Begin XCVersionGroup section */
		AC8F917F1FA9366800D6AB8F /* NeVA.xcdatamodeld */ = {
			isa = XCVersionGroup;
			children = (
				AC8F91801FA9366800D6AB8F /* NeVA.xcdatamodel */,
			);
			currentVersion = AC8F91801FA9366800D6AB8F /* NeVA.xcdatamodel */;
			path = NeVA.xcdatamodeld;
			sourceTree = "<group>";
			versionGroupType = wrapper.xcdatamodel;
		};
/* End XCVersionGroup section */
	};
	rootObject = AC8F916D1FA9366800D6AB8F /* Project object */;
}
