// !$*UTF8*$!
{
	archiveVersion = 1;
	classes = {
	};
	objectVersion = 48;
	objects = {

/* Begin PBXBuildFile section */
		AC3852871FBB07B10085DB27 /* FBSDKLoginKit.framework in Frameworks */ = {isa = PBXBuildFile; fileRef = AC3852831FBB07B10085DB27 /* FBSDKLoginKit.framework */; };
		AC3852881FBB07B10085DB27 /* Bolts.framework in Frameworks */ = {isa = PBXBuildFile; fileRef = AC3852841FBB07B10085DB27 /* Bolts.framework */; };
		AC3852891FBB07B10085DB27 /* FBSDKShareKit.framework in Frameworks */ = {isa = PBXBuildFile; fileRef = AC3852851FBB07B10085DB27 /* FBSDKShareKit.framework */; };
		AC38528A1FBB07B10085DB27 /* FBSDKCoreKit.framework in Frameworks */ = {isa = PBXBuildFile; fileRef = AC3852861FBB07B10085DB27 /* FBSDKCoreKit.framework */; };
		AC38528C1FBB08C70085DB27 /* SwiftProtobuf.framework in Frameworks */ = {isa = PBXBuildFile; fileRef = AC38528B1FBB08C70085DB27 /* SwiftProtobuf.framework */; };
		AC3852AE1FBB0AAA0085DB27 /* libz.tbd in Frameworks */ = {isa = PBXBuildFile; fileRef = AC3852AD1FBB0AAA0085DB27 /* libz.tbd */; };
		AC3852B71FBB0DED0085DB27 /* gRPC.framework in Frameworks */ = {isa = PBXBuildFile; fileRef = AC38529C1FBB0A450085DB27 /* gRPC.framework */; };
		AC3852B81FBB0DED0085DB27 /* gRPC.framework in Embed Frameworks */ = {isa = PBXBuildFile; fileRef = AC38529C1FBB0A450085DB27 /* gRPC.framework */; settings = {ATTRIBUTES = (CodeSignOnCopy, RemoveHeadersOnCopy, ); }; };
		AC3852BB1FBB0DED0085DB27 /* CgRPC.framework in Frameworks */ = {isa = PBXBuildFile; fileRef = AC3852A01FBB0A450085DB27 /* CgRPC.framework */; };
		AC3852BC1FBB0DED0085DB27 /* CgRPC.framework in Embed Frameworks */ = {isa = PBXBuildFile; fileRef = AC3852A01FBB0A450085DB27 /* CgRPC.framework */; settings = {ATTRIBUTES = (CodeSignOnCopy, RemoveHeadersOnCopy, ); }; };
		AC3852BF1FBB0DED0085DB27 /* BoringSSL.framework in Frameworks */ = {isa = PBXBuildFile; fileRef = AC38529E1FBB0A450085DB27 /* BoringSSL.framework */; };
		AC3852C01FBB0DED0085DB27 /* BoringSSL.framework in Embed Frameworks */ = {isa = PBXBuildFile; fileRef = AC38529E1FBB0A450085DB27 /* BoringSSL.framework */; settings = {ATTRIBUTES = (CodeSignOnCopy, RemoveHeadersOnCopy, ); }; };
		AC3852C31FBB0DED0085DB27 /* Czlib.framework in Frameworks */ = {isa = PBXBuildFile; fileRef = AC3852A21FBB0A450085DB27 /* Czlib.framework */; };
		AC3852C41FBB0DED0085DB27 /* Czlib.framework in Embed Frameworks */ = {isa = PBXBuildFile; fileRef = AC3852A21FBB0A450085DB27 /* Czlib.framework */; settings = {ATTRIBUTES = (CodeSignOnCopy, RemoveHeadersOnCopy, ); }; };
		AC65D4C71FB1233300753B94 /* TempViewController.swift in Sources */ = {isa = PBXBuildFile; fileRef = AC65D4C61FB1233300753B94 /* TempViewController.swift */; };
		AC8EF6301FC211C900CFABBE /* backend.pb.swift in Sources */ = {isa = PBXBuildFile; fileRef = AC8EF62A1FC211C800CFABBE /* backend.pb.swift */; };
		AC8EF6311FC211C900CFABBE /* util.pb.swift in Sources */ = {isa = PBXBuildFile; fileRef = AC8EF62B1FC211C800CFABBE /* util.pb.swift */; };
		AC8EF6321FC211C900CFABBE /* user.pb.swift in Sources */ = {isa = PBXBuildFile; fileRef = AC8EF62C1FC211C800CFABBE /* user.pb.swift */; };
		AC8EF6331FC211C900CFABBE /* neva.backend.client.pb.swift in Sources */ = {isa = PBXBuildFile; fileRef = AC8EF62D1FC211C800CFABBE /* neva.backend.client.pb.swift */; };
		AC8EF6341FC211C900CFABBE /* neva.backend.server.pb.swift in Sources */ = {isa = PBXBuildFile; fileRef = AC8EF62E1FC211C900CFABBE /* neva.backend.server.pb.swift */; };
		AC8EF6351FC211C900CFABBE /* swiftgrpc.log in Resources */ = {isa = PBXBuildFile; fileRef = AC8EF62F1FC211C900CFABBE /* swiftgrpc.log */; };
		AC8F91791FA9366800D6AB8F /* AppDelegate.swift in Sources */ = {isa = PBXBuildFile; fileRef = AC8F91781FA9366800D6AB8F /* AppDelegate.swift */; };
		AC8F917B1FA9366800D6AB8F /* ViewController.swift in Sources */ = {isa = PBXBuildFile; fileRef = AC8F917A1FA9366800D6AB8F /* ViewController.swift */; };
		AC8F917E1FA9366800D6AB8F /* Main.storyboard in Resources */ = {isa = PBXBuildFile; fileRef = AC8F917C1FA9366800D6AB8F /* Main.storyboard */; };
		AC8F91811FA9366800D6AB8F /* NeVA.xcdatamodeld in Sources */ = {isa = PBXBuildFile; fileRef = AC8F917F1FA9366800D6AB8F /* NeVA.xcdatamodeld */; };
		AC8F91831FA9366800D6AB8F /* Assets.xcassets in Resources */ = {isa = PBXBuildFile; fileRef = AC8F91821FA9366800D6AB8F /* Assets.xcassets */; };
		AC8F91861FA9366800D6AB8F /* LaunchScreen.storyboard in Resources */ = {isa = PBXBuildFile; fileRef = AC8F91841FA9366800D6AB8F /* LaunchScreen.storyboard */; };
		AC8F91911FA9366800D6AB8F /* NeVATests.swift in Sources */ = {isa = PBXBuildFile; fileRef = AC8F91901FA9366800D6AB8F /* NeVATests.swift */; };
		AC8F919C1FA9366800D6AB8F /* NeVAUITests.swift in Sources */ = {isa = PBXBuildFile; fileRef = AC8F919B1FA9366800D6AB8F /* NeVAUITests.swift */; };
		AC9B9C061FB0EB0100507F20 /* LoginRegisterViewController.swift in Sources */ = {isa = PBXBuildFile; fileRef = AC9B9C051FB0EB0100507F20 /* LoginRegisterViewController.swift */; };
		AC9B9C081FB0F34900507F20 /* LoginButton.swift in Sources */ = {isa = PBXBuildFile; fileRef = AC9B9C071FB0F34900507F20 /* LoginButton.swift */; };
		AC9B9C0A1FB104E100507F20 /* LoginRegisterInputField.swift in Sources */ = {isa = PBXBuildFile; fileRef = AC9B9C091FB104E100507F20 /* LoginRegisterInputField.swift */; };
		ACA16AA11FC34D4700BFA8DC /* RoundedView.swift in Sources */ = {isa = PBXBuildFile; fileRef = ACA16AA01FC34D4700BFA8DC /* RoundedView.swift */; };
		ACCE1D001FCDB31700D04579 /* suggestion.pb.swift in Sources */ = {isa = PBXBuildFile; fileRef = ACCE1CFA1FCDB31700D04579 /* suggestion.pb.swift */; };
/* End PBXBuildFile section */

/* Begin PBXContainerItemProxy section */
		AC3852991FBB0A450085DB27 /* PBXContainerItemProxy */ = {
			isa = PBXContainerItemProxy;
			containerPortal = AC38528D1FBB0A440085DB27 /* SwiftGRPC.xcodeproj */;
			proxyType = 2;
			remoteGlobalIDString = "SwiftGRPC::gRPCTests::Product";
			remoteInfo = gRPCTests;
		};
		AC38529B1FBB0A450085DB27 /* PBXContainerItemProxy */ = {
			isa = PBXContainerItemProxy;
			containerPortal = AC38528D1FBB0A440085DB27 /* SwiftGRPC.xcodeproj */;
			proxyType = 2;
			remoteGlobalIDString = "SwiftGRPC::gRPC::Product";
			remoteInfo = gRPC;
		};
		AC38529D1FBB0A450085DB27 /* PBXContainerItemProxy */ = {
			isa = PBXContainerItemProxy;
			containerPortal = AC38528D1FBB0A440085DB27 /* SwiftGRPC.xcodeproj */;
			proxyType = 2;
			remoteGlobalIDString = "SwiftGRPC::BoringSSL::Product";
			remoteInfo = BoringSSL;
		};
		AC38529F1FBB0A450085DB27 /* PBXContainerItemProxy */ = {
			isa = PBXContainerItemProxy;
			containerPortal = AC38528D1FBB0A440085DB27 /* SwiftGRPC.xcodeproj */;
			proxyType = 2;
			remoteGlobalIDString = "SwiftGRPC::CgRPC::Product";
			remoteInfo = CgRPC;
		};
		AC3852A11FBB0A450085DB27 /* PBXContainerItemProxy */ = {
			isa = PBXContainerItemProxy;
			containerPortal = AC38528D1FBB0A440085DB27 /* SwiftGRPC.xcodeproj */;
			proxyType = 2;
			remoteGlobalIDString = "zlib::Czlib::Product";
			remoteInfo = Czlib;
		};
		AC3852A51FBB0A720085DB27 /* PBXContainerItemProxy */ = {
			isa = PBXContainerItemProxy;
			containerPortal = AC38528D1FBB0A440085DB27 /* SwiftGRPC.xcodeproj */;
			proxyType = 1;
			remoteGlobalIDString = "SwiftGRPC::gRPC";
			remoteInfo = gRPC;
		};
		AC3852A71FBB0A720085DB27 /* PBXContainerItemProxy */ = {
			isa = PBXContainerItemProxy;
			containerPortal = AC38528D1FBB0A440085DB27 /* SwiftGRPC.xcodeproj */;
			proxyType = 1;
			remoteGlobalIDString = "SwiftGRPC::BoringSSL";
			remoteInfo = BoringSSL;
		};
		AC3852A91FBB0A720085DB27 /* PBXContainerItemProxy */ = {
			isa = PBXContainerItemProxy;
			containerPortal = AC38528D1FBB0A440085DB27 /* SwiftGRPC.xcodeproj */;
			proxyType = 1;
			remoteGlobalIDString = "SwiftGRPC::CgRPC";
			remoteInfo = CgRPC;
		};
		AC3852AB1FBB0A720085DB27 /* PBXContainerItemProxy */ = {
			isa = PBXContainerItemProxy;
			containerPortal = AC38528D1FBB0A440085DB27 /* SwiftGRPC.xcodeproj */;
			proxyType = 1;
			remoteGlobalIDString = "zlib::Czlib";
			remoteInfo = Czlib;
		};
		AC3852B91FBB0DED0085DB27 /* PBXContainerItemProxy */ = {
			isa = PBXContainerItemProxy;
			containerPortal = AC38528D1FBB0A440085DB27 /* SwiftGRPC.xcodeproj */;
			proxyType = 1;
			remoteGlobalIDString = "SwiftGRPC::gRPC";
			remoteInfo = gRPC;
		};
		AC3852BD1FBB0DED0085DB27 /* PBXContainerItemProxy */ = {
			isa = PBXContainerItemProxy;
			containerPortal = AC38528D1FBB0A440085DB27 /* SwiftGRPC.xcodeproj */;
			proxyType = 1;
			remoteGlobalIDString = "SwiftGRPC::CgRPC";
			remoteInfo = CgRPC;
		};
		AC3852C11FBB0DED0085DB27 /* PBXContainerItemProxy */ = {
			isa = PBXContainerItemProxy;
			containerPortal = AC38528D1FBB0A440085DB27 /* SwiftGRPC.xcodeproj */;
			proxyType = 1;
			remoteGlobalIDString = "SwiftGRPC::BoringSSL";
			remoteInfo = BoringSSL;
		};
		AC3852C51FBB0DED0085DB27 /* PBXContainerItemProxy */ = {
			isa = PBXContainerItemProxy;
			containerPortal = AC38528D1FBB0A440085DB27 /* SwiftGRPC.xcodeproj */;
			proxyType = 1;
			remoteGlobalIDString = "zlib::Czlib";
			remoteInfo = Czlib;
		};
		AC8F918D1FA9366800D6AB8F /* PBXContainerItemProxy */ = {
			isa = PBXContainerItemProxy;
			containerPortal = AC8F916D1FA9366800D6AB8F /* Project object */;
			proxyType = 1;
			remoteGlobalIDString = AC8F91741FA9366800D6AB8F;
			remoteInfo = NeVA;
		};
		AC8F91981FA9366800D6AB8F /* PBXContainerItemProxy */ = {
			isa = PBXContainerItemProxy;
			containerPortal = AC8F916D1FA9366800D6AB8F /* Project object */;
			proxyType = 1;
			remoteGlobalIDString = AC8F91741FA9366800D6AB8F;
			remoteInfo = NeVA;
		};
/* End PBXContainerItemProxy section */

/* Begin PBXCopyFilesBuildPhase section */
		AC3852C71FBB0DED0085DB27 /* Embed Frameworks */ = {
			isa = PBXCopyFilesBuildPhase;
			buildActionMask = 2147483647;
			dstPath = "";
			dstSubfolderSpec = 10;
			files = (
				AC3852C01FBB0DED0085DB27 /* BoringSSL.framework in Embed Frameworks */,
				AC3852BC1FBB0DED0085DB27 /* CgRPC.framework in Embed Frameworks */,
				AC3852B81FBB0DED0085DB27 /* gRPC.framework in Embed Frameworks */,
				AC3852C41FBB0DED0085DB27 /* Czlib.framework in Embed Frameworks */,
			);
			name = "Embed Frameworks";
			runOnlyForDeploymentPostprocessing = 0;
		};
/* End PBXCopyFilesBuildPhase section */

/* Begin PBXFileReference section */
		AC3852831FBB07B10085DB27 /* FBSDKLoginKit.framework */ = {isa = PBXFileReference; lastKnownFileType = wrapper.framework; name = FBSDKLoginKit.framework; path = ../../dependencies/ios/FacebookSDK/FBSDKLoginKit.framework; sourceTree = "<group>"; };
		AC3852841FBB07B10085DB27 /* Bolts.framework */ = {isa = PBXFileReference; lastKnownFileType = wrapper.framework; name = Bolts.framework; path = ../../dependencies/ios/FacebookSDK/Bolts.framework; sourceTree = "<group>"; };
		AC3852851FBB07B10085DB27 /* FBSDKShareKit.framework */ = {isa = PBXFileReference; lastKnownFileType = wrapper.framework; name = FBSDKShareKit.framework; path = ../../dependencies/ios/FacebookSDK/FBSDKShareKit.framework; sourceTree = "<group>"; };
		AC3852861FBB07B10085DB27 /* FBSDKCoreKit.framework */ = {isa = PBXFileReference; lastKnownFileType = wrapper.framework; name = FBSDKCoreKit.framework; path = ../../dependencies/ios/FacebookSDK/FBSDKCoreKit.framework; sourceTree = "<group>"; };
		AC38528B1FBB08C70085DB27 /* SwiftProtobuf.framework */ = {isa = PBXFileReference; lastKnownFileType = wrapper.framework; name = SwiftProtobuf.framework; path = Carthage/Build/iOS/SwiftProtobuf.framework; sourceTree = "<group>"; };
		AC38528D1FBB0A440085DB27 /* SwiftGRPC.xcodeproj */ = {isa = PBXFileReference; lastKnownFileType = "wrapper.pb-project"; name = SwiftGRPC.xcodeproj; path = "../../dependencies/ios/grpc-swift/SwiftGRPC.xcodeproj"; sourceTree = "<group>"; };
		AC3852AD1FBB0AAA0085DB27 /* libz.tbd */ = {isa = PBXFileReference; lastKnownFileType = "sourcecode.text-based-dylib-definition"; name = libz.tbd; path = usr/lib/libz.tbd; sourceTree = SDKROOT; };
		AC65D4C61FB1233300753B94 /* TempViewController.swift */ = {isa = PBXFileReference; lastKnownFileType = sourcecode.swift; path = TempViewController.swift; sourceTree = "<group>"; };
		AC8EF62A1FC211C800CFABBE /* backend.pb.swift */ = {isa = PBXFileReference; fileEncoding = 4; lastKnownFileType = sourcecode.swift; path = backend.pb.swift; sourceTree = "<group>"; };
		AC8EF62B1FC211C800CFABBE /* util.pb.swift */ = {isa = PBXFileReference; fileEncoding = 4; lastKnownFileType = sourcecode.swift; path = util.pb.swift; sourceTree = "<group>"; };
		AC8EF62C1FC211C800CFABBE /* user.pb.swift */ = {isa = PBXFileReference; fileEncoding = 4; lastKnownFileType = sourcecode.swift; path = user.pb.swift; sourceTree = "<group>"; };
		AC8EF62D1FC211C800CFABBE /* neva.backend.client.pb.swift */ = {isa = PBXFileReference; fileEncoding = 4; lastKnownFileType = sourcecode.swift; path = neva.backend.client.pb.swift; sourceTree = "<group>"; };
		AC8EF62E1FC211C900CFABBE /* neva.backend.server.pb.swift */ = {isa = PBXFileReference; fileEncoding = 4; lastKnownFileType = sourcecode.swift; path = neva.backend.server.pb.swift; sourceTree = "<group>"; };
		AC8EF62F1FC211C900CFABBE /* swiftgrpc.log */ = {isa = PBXFileReference; fileEncoding = 4; lastKnownFileType = text; path = swiftgrpc.log; sourceTree = "<group>"; };
		AC8F91751FA9366800D6AB8F /* NeVA.app */ = {isa = PBXFileReference; explicitFileType = wrapper.application; includeInIndex = 0; path = NeVA.app; sourceTree = BUILT_PRODUCTS_DIR; };
		AC8F91781FA9366800D6AB8F /* AppDelegate.swift */ = {isa = PBXFileReference; lastKnownFileType = sourcecode.swift; path = AppDelegate.swift; sourceTree = "<group>"; };
		AC8F917A1FA9366800D6AB8F /* ViewController.swift */ = {isa = PBXFileReference; lastKnownFileType = sourcecode.swift; path = ViewController.swift; sourceTree = "<group>"; };
		AC8F917D1FA9366800D6AB8F /* Base */ = {isa = PBXFileReference; lastKnownFileType = file.storyboard; name = Base; path = Base.lproj/Main.storyboard; sourceTree = "<group>"; };
		AC8F91801FA9366800D6AB8F /* NeVA.xcdatamodel */ = {isa = PBXFileReference; lastKnownFileType = wrapper.xcdatamodel; path = NeVA.xcdatamodel; sourceTree = "<group>"; };
		AC8F91821FA9366800D6AB8F /* Assets.xcassets */ = {isa = PBXFileReference; lastKnownFileType = folder.assetcatalog; path = Assets.xcassets; sourceTree = "<group>"; };
		AC8F91851FA9366800D6AB8F /* Base */ = {isa = PBXFileReference; lastKnownFileType = file.storyboard; name = Base; path = Base.lproj/LaunchScreen.storyboard; sourceTree = "<group>"; };
		AC8F91871FA9366800D6AB8F /* Info.plist */ = {isa = PBXFileReference; lastKnownFileType = text.plist.xml; path = Info.plist; sourceTree = "<group>"; };
		AC8F918C1FA9366800D6AB8F /* NeVATests.xctest */ = {isa = PBXFileReference; explicitFileType = wrapper.cfbundle; includeInIndex = 0; path = NeVATests.xctest; sourceTree = BUILT_PRODUCTS_DIR; };
		AC8F91901FA9366800D6AB8F /* NeVATests.swift */ = {isa = PBXFileReference; lastKnownFileType = sourcecode.swift; path = NeVATests.swift; sourceTree = "<group>"; };
		AC8F91921FA9366800D6AB8F /* Info.plist */ = {isa = PBXFileReference; lastKnownFileType = text.plist.xml; path = Info.plist; sourceTree = "<group>"; };
		AC8F91971FA9366800D6AB8F /* NeVAUITests.xctest */ = {isa = PBXFileReference; explicitFileType = wrapper.cfbundle; includeInIndex = 0; path = NeVAUITests.xctest; sourceTree = BUILT_PRODUCTS_DIR; };
		AC8F919B1FA9366800D6AB8F /* NeVAUITests.swift */ = {isa = PBXFileReference; lastKnownFileType = sourcecode.swift; path = NeVAUITests.swift; sourceTree = "<group>"; };
		AC8F919D1FA9366800D6AB8F /* Info.plist */ = {isa = PBXFileReference; lastKnownFileType = text.plist.xml; path = Info.plist; sourceTree = "<group>"; };
		AC9B9C051FB0EB0100507F20 /* LoginRegisterViewController.swift */ = {isa = PBXFileReference; lastKnownFileType = sourcecode.swift; path = LoginRegisterViewController.swift; sourceTree = "<group>"; };
		AC9B9C071FB0F34900507F20 /* LoginButton.swift */ = {isa = PBXFileReference; lastKnownFileType = sourcecode.swift; path = LoginButton.swift; sourceTree = "<group>"; };
		AC9B9C091FB104E100507F20 /* LoginRegisterInputField.swift */ = {isa = PBXFileReference; lastKnownFileType = sourcecode.swift; path = LoginRegisterInputField.swift; sourceTree = "<group>"; };
		ACA16AA01FC34D4700BFA8DC /* RoundedView.swift */ = {isa = PBXFileReference; lastKnownFileType = sourcecode.swift; path = RoundedView.swift; sourceTree = "<group>"; };
		ACCE1CFA1FCDB31700D04579 /* suggestion.pb.swift */ = {isa = PBXFileReference; fileEncoding = 4; lastKnownFileType = sourcecode.swift; path = suggestion.pb.swift; sourceTree = "<group>"; };
/* End PBXFileReference section */

/* Begin PBXFrameworksBuildPhase section */
		AC8F91721FA9366800D6AB8F /* Frameworks */ = {
			isa = PBXFrameworksBuildPhase;
			buildActionMask = 2147483647;
			files = (
				AC3852BF1FBB0DED0085DB27 /* BoringSSL.framework in Frameworks */,
				AC3852C31FBB0DED0085DB27 /* Czlib.framework in Frameworks */,
				AC38528C1FBB08C70085DB27 /* SwiftProtobuf.framework in Frameworks */,
				AC3852AE1FBB0AAA0085DB27 /* libz.tbd in Frameworks */,
				AC3852BB1FBB0DED0085DB27 /* CgRPC.framework in Frameworks */,
				AC3852871FBB07B10085DB27 /* FBSDKLoginKit.framework in Frameworks */,
				AC3852881FBB07B10085DB27 /* Bolts.framework in Frameworks */,
				AC3852B71FBB0DED0085DB27 /* gRPC.framework in Frameworks */,
				AC3852891FBB07B10085DB27 /* FBSDKShareKit.framework in Frameworks */,
				AC38528A1FBB07B10085DB27 /* FBSDKCoreKit.framework in Frameworks */,
			);
			runOnlyForDeploymentPostprocessing = 0;
		};
		AC8F91891FA9366800D6AB8F /* Frameworks */ = {
			isa = PBXFrameworksBuildPhase;
			buildActionMask = 2147483647;
			files = (
			);
			runOnlyForDeploymentPostprocessing = 0;
		};
		AC8F91941FA9366800D6AB8F /* Frameworks */ = {
			isa = PBXFrameworksBuildPhase;
			buildActionMask = 2147483647;
			files = (
			);
			runOnlyForDeploymentPostprocessing = 0;
		};
/* End PBXFrameworksBuildPhase section */

/* Begin PBXGroup section */
		AC38528E1FBB0A440085DB27 /* Products */ = {
			isa = PBXGroup;
			children = (
				AC38529A1FBB0A450085DB27 /* gRPCTests.xctest */,
				AC38529C1FBB0A450085DB27 /* gRPC.framework */,
				AC38529E1FBB0A450085DB27 /* BoringSSL.framework */,
				AC3852A01FBB0A450085DB27 /* CgRPC.framework */,
				AC3852A21FBB0A450085DB27 /* Czlib.framework */,
			);
			name = Products;
			sourceTree = "<group>";
		};
		AC8EF6291FC211C800CFABBE /* protos */ = {
			isa = PBXGroup;
			children = (
				AC8EF62A1FC211C800CFABBE /* backend.pb.swift */,
				ACCE1CFA1FCDB31700D04579 /* suggestion.pb.swift */,
				AC8EF62B1FC211C800CFABBE /* util.pb.swift */,
				AC8EF62C1FC211C800CFABBE /* user.pb.swift */,
			);
			path = protos;
			sourceTree = "<group>";
		};
		AC8F916C1FA9366800D6AB8F = {
			isa = PBXGroup;
			children = (
				AC8F91771FA9366800D6AB8F /* NeVA */,
				AC8F918F1FA9366800D6AB8F /* NeVATests */,
				AC8F919A1FA9366800D6AB8F /* NeVAUITests */,
				AC8F91761FA9366800D6AB8F /* Products */,
				AC38528D1FBB0A440085DB27 /* SwiftGRPC.xcodeproj */,
				ACBC4C471FBA67E600E8D61F /* Frameworks */,
			);
			sourceTree = "<group>";
		};
		AC8F91761FA9366800D6AB8F /* Products */ = {
			isa = PBXGroup;
			children = (
				AC8F91751FA9366800D6AB8F /* NeVA.app */,
				AC8F918C1FA9366800D6AB8F /* NeVATests.xctest */,
				AC8F91971FA9366800D6AB8F /* NeVAUITests.xctest */,
			);
			name = Products;
			sourceTree = "<group>";
		};
		AC8F91771FA9366800D6AB8F /* NeVA */ = {
			isa = PBXGroup;
			children = (
				ACE030111FBA90B90067A96A /* Generated */,
				AC9B9C021FB0EA2200507F20 /* Model */,
				AC9B9C031FB0EA6300507F20 /* View */,
				AC9B9C041FB0EA6800507F20 /* Controller */,
				AC8F91781FA9366800D6AB8F /* AppDelegate.swift */,
				AC8F917A1FA9366800D6AB8F /* ViewController.swift */,
				AC8F917C1FA9366800D6AB8F /* Main.storyboard */,
				AC8F91821FA9366800D6AB8F /* Assets.xcassets */,
				AC8F91841FA9366800D6AB8F /* LaunchScreen.storyboard */,
				AC8F91871FA9366800D6AB8F /* Info.plist */,
				AC8F917F1FA9366800D6AB8F /* NeVA.xcdatamodeld */,
			);
			path = NeVA;
			sourceTree = "<group>";
		};
		AC8F918F1FA9366800D6AB8F /* NeVATests */ = {
			isa = PBXGroup;
			children = (
				AC8F91901FA9366800D6AB8F /* NeVATests.swift */,
				AC8F91921FA9366800D6AB8F /* Info.plist */,
			);
			path = NeVATests;
			sourceTree = "<group>";
		};
		AC8F919A1FA9366800D6AB8F /* NeVAUITests */ = {
			isa = PBXGroup;
			children = (
				AC8F919B1FA9366800D6AB8F /* NeVAUITests.swift */,
				AC8F919D1FA9366800D6AB8F /* Info.plist */,
			);
			path = NeVAUITests;
			sourceTree = "<group>";
		};
		AC9B9C021FB0EA2200507F20 /* Model */ = {
			isa = PBXGroup;
			children = (
			);
			path = Model;
			sourceTree = "<group>";
		};
		AC9B9C031FB0EA6300507F20 /* View */ = {
			isa = PBXGroup;
			children = (
				AC9B9C071FB0F34900507F20 /* LoginButton.swift */,
				AC9B9C091FB104E100507F20 /* LoginRegisterInputField.swift */,
				ACA16AA01FC34D4700BFA8DC /* RoundedView.swift */,
			);
			path = View;
			sourceTree = "<group>";
		};
		AC9B9C041FB0EA6800507F20 /* Controller */ = {
			isa = PBXGroup;
			children = (
				AC9B9C051FB0EB0100507F20 /* LoginRegisterViewController.swift */,
				AC65D4C61FB1233300753B94 /* TempViewController.swift */,
			);
			path = Controller;
			sourceTree = "<group>";
		};
		ACBC4C471FBA67E600E8D61F /* Frameworks */ = {
			isa = PBXGroup;
			children = (
				AC3852AD1FBB0AAA0085DB27 /* libz.tbd */,
				AC38528B1FBB08C70085DB27 /* SwiftProtobuf.framework */,
				AC3852841FBB07B10085DB27 /* Bolts.framework */,
				AC3852861FBB07B10085DB27 /* FBSDKCoreKit.framework */,
				AC3852831FBB07B10085DB27 /* FBSDKLoginKit.framework */,
				AC3852851FBB07B10085DB27 /* FBSDKShareKit.framework */,
			);
			name = Frameworks;
			sourceTree = "<group>";
		};
		ACE030111FBA90B90067A96A /* Generated */ = {
			isa = PBXGroup;
			children = (
				AC8EF62D1FC211C800CFABBE /* neva.backend.client.pb.swift */,
				AC8EF62E1FC211C900CFABBE /* neva.backend.server.pb.swift */,
				AC8EF6291FC211C800CFABBE /* protos */,
				AC8EF62F1FC211C900CFABBE /* swiftgrpc.log */,
			);
			path = Generated;
			sourceTree = "<group>";
		};
/* End PBXGroup section */

/* Begin PBXNativeTarget section */
		AC8F91741FA9366800D6AB8F /* NeVA */ = {
			isa = PBXNativeTarget;
			buildConfigurationList = AC8F91A01FA9366800D6AB8F /* Build configuration list for PBXNativeTarget "NeVA" */;
			buildPhases = (
				ACF859341FBA82BF0088F996 /* Run Script */,
				AC8F91711FA9366800D6AB8F /* Sources */,
				AC8F91721FA9366800D6AB8F /* Frameworks */,
				AC8F91731FA9366800D6AB8F /* Resources */,
				AC3852C71FBB0DED0085DB27 /* Embed Frameworks */,
			);
			buildRules = (
			);
			dependencies = (
				AC3852A61FBB0A720085DB27 /* PBXTargetDependency */,
				AC3852A81FBB0A720085DB27 /* PBXTargetDependency */,
				AC3852AA1FBB0A720085DB27 /* PBXTargetDependency */,
				AC3852AC1FBB0A720085DB27 /* PBXTargetDependency */,
				AC3852BA1FBB0DED0085DB27 /* PBXTargetDependency */,
				AC3852BE1FBB0DED0085DB27 /* PBXTargetDependency */,
				AC3852C21FBB0DED0085DB27 /* PBXTargetDependency */,
				AC3852C61FBB0DED0085DB27 /* PBXTargetDependency */,
			);
			name = NeVA;
			productName = NeVA;
			productReference = AC8F91751FA9366800D6AB8F /* NeVA.app */;
			productType = "com.apple.product-type.application";
		};
		AC8F918B1FA9366800D6AB8F /* NeVATests */ = {
			isa = PBXNativeTarget;
			buildConfigurationList = AC8F91A31FA9366800D6AB8F /* Build configuration list for PBXNativeTarget "NeVATests" */;
			buildPhases = (
				AC8F91881FA9366800D6AB8F /* Sources */,
				AC8F91891FA9366800D6AB8F /* Frameworks */,
				AC8F918A1FA9366800D6AB8F /* Resources */,
			);
			buildRules = (
			);
			dependencies = (
				AC8F918E1FA9366800D6AB8F /* PBXTargetDependency */,
			);
			name = NeVATests;
			productName = NeVATests;
			productReference = AC8F918C1FA9366800D6AB8F /* NeVATests.xctest */;
			productType = "com.apple.product-type.bundle.unit-test";
		};
		AC8F91961FA9366800D6AB8F /* NeVAUITests */ = {
			isa = PBXNativeTarget;
			buildConfigurationList = AC8F91A61FA9366800D6AB8F /* Build configuration list for PBXNativeTarget "NeVAUITests" */;
			buildPhases = (
				AC8F91931FA9366800D6AB8F /* Sources */,
				AC8F91941FA9366800D6AB8F /* Frameworks */,
				AC8F91951FA9366800D6AB8F /* Resources */,
			);
			buildRules = (
			);
			dependencies = (
				AC8F91991FA9366800D6AB8F /* PBXTargetDependency */,
			);
			name = NeVAUITests;
			productName = NeVAUITests;
			productReference = AC8F91971FA9366800D6AB8F /* NeVAUITests.xctest */;
			productType = "com.apple.product-type.bundle.ui-testing";
		};
/* End PBXNativeTarget section */

/* Begin PBXProject section */
		AC8F916D1FA9366800D6AB8F /* Project object */ = {
			isa = PBXProject;
			attributes = {
				LastSwiftUpdateCheck = 0910;
				LastUpgradeCheck = 0910;
				ORGANIZATIONNAME = "Bilemiyorum Altan";
				TargetAttributes = {
					AC8F91741FA9366800D6AB8F = {
						CreatedOnToolsVersion = 9.1;
						ProvisioningStyle = Automatic;
					};
					AC8F918B1FA9366800D6AB8F = {
						CreatedOnToolsVersion = 9.1;
						ProvisioningStyle = Automatic;
						TestTargetID = AC8F91741FA9366800D6AB8F;
					};
					AC8F91961FA9366800D6AB8F = {
						CreatedOnToolsVersion = 9.1;
						ProvisioningStyle = Automatic;
						TestTargetID = AC8F91741FA9366800D6AB8F;
					};
				};
			};
			buildConfigurationList = AC8F91701FA9366800D6AB8F /* Build configuration list for PBXProject "NeVA" */;
			compatibilityVersion = "Xcode 8.0";
			developmentRegion = en;
			hasScannedForEncodings = 0;
			knownRegions = (
				en,
				Base,
			);
			mainGroup = AC8F916C1FA9366800D6AB8F;
			productRefGroup = AC8F91761FA9366800D6AB8F /* Products */;
			projectDirPath = "";
			projectReferences = (
				{
					ProductGroup = AC38528E1FBB0A440085DB27 /* Products */;
					ProjectRef = AC38528D1FBB0A440085DB27 /* SwiftGRPC.xcodeproj */;
				},
			);
			projectRoot = "";
			targets = (
				AC8F91741FA9366800D6AB8F /* NeVA */,
				AC8F918B1FA9366800D6AB8F /* NeVATests */,
				AC8F91961FA9366800D6AB8F /* NeVAUITests */,
			);
		};
/* End PBXProject section */

/* Begin PBXReferenceProxy section */
		AC38529A1FBB0A450085DB27 /* gRPCTests.xctest */ = {
			isa = PBXReferenceProxy;
			fileType = wrapper.cfbundle;
			path = gRPCTests.xctest;
			remoteRef = AC3852991FBB0A450085DB27 /* PBXContainerItemProxy */;
			sourceTree = BUILT_PRODUCTS_DIR;
		};
		AC38529C1FBB0A450085DB27 /* gRPC.framework */ = {
			isa = PBXReferenceProxy;
			fileType = wrapper.framework;
			path = gRPC.framework;
			remoteRef = AC38529B1FBB0A450085DB27 /* PBXContainerItemProxy */;
			sourceTree = BUILT_PRODUCTS_DIR;
		};
		AC38529E1FBB0A450085DB27 /* BoringSSL.framework */ = {
			isa = PBXReferenceProxy;
			fileType = wrapper.framework;
			path = BoringSSL.framework;
			remoteRef = AC38529D1FBB0A450085DB27 /* PBXContainerItemProxy */;
			sourceTree = BUILT_PRODUCTS_DIR;
		};
		AC3852A01FBB0A450085DB27 /* CgRPC.framework */ = {
			isa = PBXReferenceProxy;
			fileType = wrapper.framework;
			path = CgRPC.framework;
			remoteRef = AC38529F1FBB0A450085DB27 /* PBXContainerItemProxy */;
			sourceTree = BUILT_PRODUCTS_DIR;
		};
		AC3852A21FBB0A450085DB27 /* Czlib.framework */ = {
			isa = PBXReferenceProxy;
			fileType = wrapper.framework;
			path = Czlib.framework;
			remoteRef = AC3852A11FBB0A450085DB27 /* PBXContainerItemProxy */;
			sourceTree = BUILT_PRODUCTS_DIR;
		};
/* End PBXReferenceProxy section */

/* Begin PBXResourcesBuildPhase section */
		AC8F91731FA9366800D6AB8F /* Resources */ = {
			isa = PBXResourcesBuildPhase;
			buildActionMask = 2147483647;
			files = (
				AC8F91861FA9366800D6AB8F /* LaunchScreen.storyboard in Resources */,
				AC8F91831FA9366800D6AB8F /* Assets.xcassets in Resources */,
				AC8EF6351FC211C900CFABBE /* swiftgrpc.log in Resources */,
				AC8F917E1FA9366800D6AB8F /* Main.storyboard in Resources */,
			);
			runOnlyForDeploymentPostprocessing = 0;
		};
		AC8F918A1FA9366800D6AB8F /* Resources */ = {
			isa = PBXResourcesBuildPhase;
			buildActionMask = 2147483647;
			files = (
			);
			runOnlyForDeploymentPostprocessing = 0;
		};
		AC8F91951FA9366800D6AB8F /* Resources */ = {
			isa = PBXResourcesBuildPhase;
			buildActionMask = 2147483647;
			files = (
			);
			runOnlyForDeploymentPostprocessing = 0;
		};
/* End PBXResourcesBuildPhase section */

/* Begin PBXShellScriptBuildPhase section */
		ACF859341FBA82BF0088F996 /* Run Script */ = {
			isa = PBXShellScriptBuildPhase;
			buildActionMask = 2147483647;
			files = (
			);
			inputPaths = (
				"$(SRCROOT)/Carthage/Build/iOS/SwiftProtobuf.framework",
			);
			name = "Run Script";
			outputPaths = (
				"$(BUILT_PRODUCTS_DIR)/$(FRAMEWORKS_FOLDER_PATH)/SwiftProtobuf.framework",
			);
			runOnlyForDeploymentPostprocessing = 0;
			shellPath = /bin/sh;
			shellScript = "/usr/local/bin/carthage copy-frameworks";
		};
/* End PBXShellScriptBuildPhase section */

/* Begin PBXSourcesBuildPhase section */
		AC8F91711FA9366800D6AB8F /* Sources */ = {
			isa = PBXSourcesBuildPhase;
			buildActionMask = 2147483647;
			files = (
				AC9B9C081FB0F34900507F20 /* LoginButton.swift in Sources */,
				AC8F917B1FA9366800D6AB8F /* ViewController.swift in Sources */,
				AC65D4C71FB1233300753B94 /* TempViewController.swift in Sources */,
				AC8EF6321FC211C900CFABBE /* user.pb.swift in Sources */,
				AC8EF6311FC211C900CFABBE /* util.pb.swift in Sources */,
				AC8EF6301FC211C900CFABBE /* backend.pb.swift in Sources */,
				ACCE1D001FCDB31700D04579 /* suggestion.pb.swift in Sources */,
				AC9B9C0A1FB104E100507F20 /* LoginRegisterInputField.swift in Sources */,
				ACA16AA11FC34D4700BFA8DC /* RoundedView.swift in Sources */,
				AC8F91791FA9366800D6AB8F /* AppDelegate.swift in Sources */,
				AC8EF6341FC211C900CFABBE /* neva.backend.server.pb.swift in Sources */,
				AC8F91811FA9366800D6AB8F /* NeVA.xcdatamodeld in Sources */,
				AC9B9C061FB0EB0100507F20 /* LoginRegisterViewController.swift in Sources */,
				AC8EF6331FC211C900CFABBE /* neva.backend.client.pb.swift in Sources */,
			);
			runOnlyForDeploymentPostprocessing = 0;
		};
		AC8F91881FA9366800D6AB8F /* Sources */ = {
			isa = PBXSourcesBuildPhase;
			buildActionMask = 2147483647;
			files = (
				AC8F91911FA9366800D6AB8F /* NeVATests.swift in Sources */,
			);
			runOnlyForDeploymentPostprocessing = 0;
		};
		AC8F91931FA9366800D6AB8F /* Sources */ = {
			isa = PBXSourcesBuildPhase;
			buildActionMask = 2147483647;
			files = (
				AC8F919C1FA9366800D6AB8F /* NeVAUITests.swift in Sources */,
			);
			runOnlyForDeploymentPostprocessing = 0;
		};
/* End PBXSourcesBuildPhase section */

/* Begin PBXTargetDependency section */
		AC3852A61FBB0A720085DB27 /* PBXTargetDependency */ = {
			isa = PBXTargetDependency;
			name = gRPC;
			targetProxy = AC3852A51FBB0A720085DB27 /* PBXContainerItemProxy */;
		};
		AC3852A81FBB0A720085DB27 /* PBXTargetDependency */ = {
			isa = PBXTargetDependency;
			name = BoringSSL;
			targetProxy = AC3852A71FBB0A720085DB27 /* PBXContainerItemProxy */;
		};
		AC3852AA1FBB0A720085DB27 /* PBXTargetDependency */ = {
			isa = PBXTargetDependency;
			name = CgRPC;
			targetProxy = AC3852A91FBB0A720085DB27 /* PBXContainerItemProxy */;
		};
		AC3852AC1FBB0A720085DB27 /* PBXTargetDependency */ = {
			isa = PBXTargetDependency;
			name = Czlib;
			targetProxy = AC3852AB1FBB0A720085DB27 /* PBXContainerItemProxy */;
		};
		AC3852BA1FBB0DED0085DB27 /* PBXTargetDependency */ = {
			isa = PBXTargetDependency;
			name = gRPC;
			targetProxy = AC3852B91FBB0DED0085DB27 /* PBXContainerItemProxy */;
		};
		AC3852BE1FBB0DED0085DB27 /* PBXTargetDependency */ = {
			isa = PBXTargetDependency;
			name = CgRPC;
			targetProxy = AC3852BD1FBB0DED0085DB27 /* PBXContainerItemProxy */;
		};
		AC3852C21FBB0DED0085DB27 /* PBXTargetDependency */ = {
			isa = PBXTargetDependency;
			name = BoringSSL;
			targetProxy = AC3852C11FBB0DED0085DB27 /* PBXContainerItemProxy */;
		};
		AC3852C61FBB0DED0085DB27 /* PBXTargetDependency */ = {
			isa = PBXTargetDependency;
			name = Czlib;
			targetProxy = AC3852C51FBB0DED0085DB27 /* PBXContainerItemProxy */;
		};
		AC8F918E1FA9366800D6AB8F /* PBXTargetDependency */ = {
			isa = PBXTargetDependency;
			target = AC8F91741FA9366800D6AB8F /* NeVA */;
			targetProxy = AC8F918D1FA9366800D6AB8F /* PBXContainerItemProxy */;
		};
		AC8F91991FA9366800D6AB8F /* PBXTargetDependency */ = {
			isa = PBXTargetDependency;
			target = AC8F91741FA9366800D6AB8F /* NeVA */;
			targetProxy = AC8F91981FA9366800D6AB8F /* PBXContainerItemProxy */;
		};
/* End PBXTargetDependency section */

/* Begin PBXVariantGroup section */
		AC8F917C1FA9366800D6AB8F /* Main.storyboard */ = {
			isa = PBXVariantGroup;
			children = (
				AC8F917D1FA9366800D6AB8F /* Base */,
			);
			name = Main.storyboard;
			sourceTree = "<group>";
		};
		AC8F91841FA9366800D6AB8F /* LaunchScreen.storyboard */ = {
			isa = PBXVariantGroup;
			children = (
				AC8F91851FA9366800D6AB8F /* Base */,
			);
			name = LaunchScreen.storyboard;
			sourceTree = "<group>";
		};
/* End PBXVariantGroup section */

/* Begin XCBuildConfiguration section */
		AC8F919E1FA9366800D6AB8F /* Debug */ = {
			isa = XCBuildConfiguration;
			buildSettings = {
				ALWAYS_SEARCH_USER_PATHS = NO;
				CLANG_ANALYZER_NONNULL = YES;
				CLANG_ANALYZER_NUMBER_OBJECT_CONVERSION = YES_AGGRESSIVE;
				CLANG_CXX_LANGUAGE_STANDARD = "gnu++14";
				CLANG_CXX_LIBRARY = "libc++";
				CLANG_ENABLE_MODULES = YES;
				CLANG_ENABLE_OBJC_ARC = YES;
				CLANG_WARN_BLOCK_CAPTURE_AUTORELEASING = YES;
				CLANG_WARN_BOOL_CONVERSION = YES;
				CLANG_WARN_COMMA = YES;
				CLANG_WARN_CONSTANT_CONVERSION = YES;
				CLANG_WARN_DIRECT_OBJC_ISA_USAGE = YES_ERROR;
				CLANG_WARN_DOCUMENTATION_COMMENTS = YES;
				CLANG_WARN_EMPTY_BODY = YES;
				CLANG_WARN_ENUM_CONVERSION = YES;
				CLANG_WARN_INFINITE_RECURSION = YES;
				CLANG_WARN_INT_CONVERSION = YES;
				CLANG_WARN_NON_LITERAL_NULL_CONVERSION = YES;
				CLANG_WARN_OBJC_LITERAL_CONVERSION = YES;
				CLANG_WARN_OBJC_ROOT_CLASS = YES_ERROR;
				CLANG_WARN_RANGE_LOOP_ANALYSIS = YES;
				CLANG_WARN_STRICT_PROTOTYPES = YES;
				CLANG_WARN_SUSPICIOUS_MOVE = YES;
				CLANG_WARN_UNGUARDED_AVAILABILITY = YES_AGGRESSIVE;
				CLANG_WARN_UNREACHABLE_CODE = YES;
				CLANG_WARN__DUPLICATE_METHOD_MATCH = YES;
				CODE_SIGN_IDENTITY = "iPhone Developer";
				COPY_PHASE_STRIP = NO;
				DEBUG_INFORMATION_FORMAT = dwarf;
				ENABLE_STRICT_OBJC_MSGSEND = YES;
				ENABLE_TESTABILITY = YES;
				GCC_C_LANGUAGE_STANDARD = gnu11;
				GCC_DYNAMIC_NO_PIC = NO;
				GCC_NO_COMMON_BLOCKS = YES;
				GCC_OPTIMIZATION_LEVEL = 0;
				GCC_PREPROCESSOR_DEFINITIONS = (
					"DEBUG=1",
					"$(inherited)",
				);
				GCC_WARN_64_TO_32_BIT_CONVERSION = YES;
				GCC_WARN_ABOUT_RETURN_TYPE = YES_ERROR;
				GCC_WARN_UNDECLARED_SELECTOR = YES;
				GCC_WARN_UNINITIALIZED_AUTOS = YES_AGGRESSIVE;
				GCC_WARN_UNUSED_FUNCTION = YES;
				GCC_WARN_UNUSED_VARIABLE = YES;
				IPHONEOS_DEPLOYMENT_TARGET = 11.1;
				MTL_ENABLE_DEBUG_INFO = YES;
				ONLY_ACTIVE_ARCH = YES;
				SDKROOT = iphoneos;
				SWIFT_ACTIVE_COMPILATION_CONDITIONS = DEBUG;
				SWIFT_OPTIMIZATION_LEVEL = "-Onone";
			};
			name = Debug;
		};
		AC8F919F1FA9366800D6AB8F /* Release */ = {
			isa = XCBuildConfiguration;
			buildSettings = {
				ALWAYS_SEARCH_USER_PATHS = NO;
				CLANG_ANALYZER_NONNULL = YES;
				CLANG_ANALYZER_NUMBER_OBJECT_CONVERSION = YES_AGGRESSIVE;
				CLANG_CXX_LANGUAGE_STANDARD = "gnu++14";
				CLANG_CXX_LIBRARY = "libc++";
				CLANG_ENABLE_MODULES = YES;
				CLANG_ENABLE_OBJC_ARC = YES;
				CLANG_WARN_BLOCK_CAPTURE_AUTORELEASING = YES;
				CLANG_WARN_BOOL_CONVERSION = YES;
				CLANG_WARN_COMMA = YES;
				CLANG_WARN_CONSTANT_CONVERSION = YES;
				CLANG_WARN_DIRECT_OBJC_ISA_USAGE = YES_ERROR;
				CLANG_WARN_DOCUMENTATION_COMMENTS = YES;
				CLANG_WARN_EMPTY_BODY = YES;
				CLANG_WARN_ENUM_CONVERSION = YES;
				CLANG_WARN_INFINITE_RECURSION = YES;
				CLANG_WARN_INT_CONVERSION = YES;
				CLANG_WARN_NON_LITERAL_NULL_CONVERSION = YES;
				CLANG_WARN_OBJC_LITERAL_CONVERSION = YES;
				CLANG_WARN_OBJC_ROOT_CLASS = YES_ERROR;
				CLANG_WARN_RANGE_LOOP_ANALYSIS = YES;
				CLANG_WARN_STRICT_PROTOTYPES = YES;
				CLANG_WARN_SUSPICIOUS_MOVE = YES;
				CLANG_WARN_UNGUARDED_AVAILABILITY = YES_AGGRESSIVE;
				CLANG_WARN_UNREACHABLE_CODE = YES;
				CLANG_WARN__DUPLICATE_METHOD_MATCH = YES;
				CODE_SIGN_IDENTITY = "iPhone Developer";
				COPY_PHASE_STRIP = NO;
				DEBUG_INFORMATION_FORMAT = "dwarf-with-dsym";
				ENABLE_NS_ASSERTIONS = NO;
				ENABLE_STRICT_OBJC_MSGSEND = YES;
				GCC_C_LANGUAGE_STANDARD = gnu11;
				GCC_NO_COMMON_BLOCKS = YES;
				GCC_WARN_64_TO_32_BIT_CONVERSION = YES;
				GCC_WARN_ABOUT_RETURN_TYPE = YES_ERROR;
				GCC_WARN_UNDECLARED_SELECTOR = YES;
				GCC_WARN_UNINITIALIZED_AUTOS = YES_AGGRESSIVE;
				GCC_WARN_UNUSED_FUNCTION = YES;
				GCC_WARN_UNUSED_VARIABLE = YES;
				IPHONEOS_DEPLOYMENT_TARGET = 11.1;
				MTL_ENABLE_DEBUG_INFO = NO;
				SDKROOT = iphoneos;
				SWIFT_OPTIMIZATION_LEVEL = "-Owholemodule";
				VALIDATE_PRODUCT = YES;
			};
			name = Release;
		};
		AC8F91A11FA9366800D6AB8F /* Debug */ = {
			isa = XCBuildConfiguration;
			buildSettings = {
				ALWAYS_EMBED_SWIFT_STANDARD_LIBRARIES = YES;
				ASSETCATALOG_COMPILER_APPICON_NAME = AppIcon;
				"CODE_SIGN_IDENTITY[sdk=iphoneos*]" = "iPhone Developer";
				CODE_SIGN_STYLE = Automatic;
				DEVELOPMENT_TEAM = BKXHNMX4QR;
				ENABLE_BITCODE = NO;
				FRAMEWORK_SEARCH_PATHS = (
					"$(PROJECT_DIR)/Carthage/Build/iOS",
					../../dependencies/ios/FacebookSDK,
				);
				HEADER_SEARCH_PATHS = "../../dependencies/ios/grpc-swift/Sources/CgRPC/include";
				INFOPLIST_FILE = NeVA/Info.plist;
				LD_RUNPATH_SEARCH_PATHS = "$(inherited) @executable_path/Frameworks";
				ONLY_ACTIVE_ARCH = NO;
				PRODUCT_BUNDLE_IDENTIFIER = com.bilemiyorumaltan.NeVA;
				PRODUCT_NAME = "$(TARGET_NAME)";
				PROVISIONING_PROFILE_SPECIFIER = "";
				SWIFT_VERSION = 4.0;
				TARGETED_DEVICE_FAMILY = "1,2";
			};
			name = Debug;
		};
		AC8F91A21FA9366800D6AB8F /* Release */ = {
			isa = XCBuildConfiguration;
			buildSettings = {
				ALWAYS_EMBED_SWIFT_STANDARD_LIBRARIES = YES;
				ASSETCATALOG_COMPILER_APPICON_NAME = AppIcon;
				"CODE_SIGN_IDENTITY[sdk=iphoneos*]" = "iPhone Developer";
				CODE_SIGN_STYLE = Automatic;
				DEVELOPMENT_TEAM = BKXHNMX4QR;
				ENABLE_BITCODE = NO;
				FRAMEWORK_SEARCH_PATHS = (
					"$(PROJECT_DIR)/Carthage/Build/iOS",
					../../dependencies/ios/FacebookSDK,
				);
				HEADER_SEARCH_PATHS = "../../dependencies/ios/grpc-swift/Sources/CgRPC/include";
				INFOPLIST_FILE = NeVA/Info.plist;
				LD_RUNPATH_SEARCH_PATHS = "$(inherited) @executable_path/Frameworks";
				ONLY_ACTIVE_ARCH = NO;
				PRODUCT_BUNDLE_IDENTIFIER = com.bilemiyorumaltan.NeVA;
				PRODUCT_NAME = "$(TARGET_NAME)";
				PROVISIONING_PROFILE_SPECIFIER = "";
				SWIFT_VERSION = 4.0;
				TARGETED_DEVICE_FAMILY = "1,2";
			};
			name = Release;
		};
		AC8F91A41FA9366800D6AB8F /* Debug */ = {
			isa = XCBuildConfiguration;
			buildSettings = {
				ALWAYS_EMBED_SWIFT_STANDARD_LIBRARIES = YES;
				BUNDLE_LOADER = "$(TEST_HOST)";
				CODE_SIGN_STYLE = Automatic;
				DEVELOPMENT_TEAM = BKXHNMX4QR;
				"FRAMEWORK_SEARCH_PATHS[arch=*]" = "../../dependencies/ios/**";
				"HEADER_SEARCH_PATHS[arch=*]" = "../../dependencies/ios/**";
				INFOPLIST_FILE = NeVATests/Info.plist;
				LD_RUNPATH_SEARCH_PATHS = "$(inherited) @executable_path/Frameworks @loader_path/Frameworks";
				PRODUCT_BUNDLE_IDENTIFIER = com.bilemiyorumaltan.NeVATests;
				PRODUCT_NAME = "$(TARGET_NAME)";
				SWIFT_VERSION = 4.0;
				TARGETED_DEVICE_FAMILY = "1,2";
				TEST_HOST = "$(BUILT_PRODUCTS_DIR)/NeVA.app/NeVA";
			};
			name = Debug;
		};
		AC8F91A51FA9366800D6AB8F /* Release */ = {
			isa = XCBuildConfiguration;
			buildSettings = {
				ALWAYS_EMBED_SWIFT_STANDARD_LIBRARIES = YES;
				BUNDLE_LOADER = "$(TEST_HOST)";
				CODE_SIGN_STYLE = Automatic;
				DEVELOPMENT_TEAM = BKXHNMX4QR;
				"FRAMEWORK_SEARCH_PATHS[arch=*]" = "../../dependencies/ios/**";
				"HEADER_SEARCH_PATHS[arch=*]" = "../../dependencies/ios/**";
				INFOPLIST_FILE = NeVATests/Info.plist;
				LD_RUNPATH_SEARCH_PATHS = "$(inherited) @executable_path/Frameworks @loader_path/Frameworks";
				PRODUCT_BUNDLE_IDENTIFIER = com.bilemiyorumaltan.NeVATests;
				PRODUCT_NAME = "$(TARGET_NAME)";
				SWIFT_VERSION = 4.0;
				TARGETED_DEVICE_FAMILY = "1,2";
				TEST_HOST = "$(BUILT_PRODUCTS_DIR)/NeVA.app/NeVA";
			};
			name = Release;
		};
		AC8F91A71FA9366800D6AB8F /* Debug */ = {
			isa = XCBuildConfiguration;
			buildSettings = {
				ALWAYS_EMBED_SWIFT_STANDARD_LIBRARIES = YES;
				CODE_SIGN_STYLE = Automatic;
				DEVELOPMENT_TEAM = BKXHNMX4QR;
				"FRAMEWORK_SEARCH_PATHS[arch=*]" = "../../dependencies/ios/**";
				"HEADER_SEARCH_PATHS[arch=*]" = "../../dependencies/ios/**";
				INFOPLIST_FILE = NeVAUITests/Info.plist;
				LD_RUNPATH_SEARCH_PATHS = "$(inherited) @executable_path/Frameworks @loader_path/Frameworks";
				PRODUCT_BUNDLE_IDENTIFIER = com.bilemiyorumaltan.NeVAUITests;
				PRODUCT_NAME = "$(TARGET_NAME)";
				SWIFT_VERSION = 4.0;
				TARGETED_DEVICE_FAMILY = "1,2";
				TEST_TARGET_NAME = NeVA;
			};
			name = Debug;
		};
		AC8F91A81FA9366800D6AB8F /* Release */ = {
			isa = XCBuildConfiguration;
			buildSettings = {
				ALWAYS_EMBED_SWIFT_STANDARD_LIBRARIES = YES;
				CODE_SIGN_STYLE = Automatic;
				DEVELOPMENT_TEAM = BKXHNMX4QR;
				"FRAMEWORK_SEARCH_PATHS[arch=*]" = "../../dependencies/ios/**";
				"HEADER_SEARCH_PATHS[arch=*]" = "../../dependencies/ios/**";
				INFOPLIST_FILE = NeVAUITests/Info.plist;
				LD_RUNPATH_SEARCH_PATHS = "$(inherited) @executable_path/Frameworks @loader_path/Frameworks";
				PRODUCT_BUNDLE_IDENTIFIER = com.bilemiyorumaltan.NeVAUITests;
				PRODUCT_NAME = "$(TARGET_NAME)";
				SWIFT_VERSION = 4.0;
				TARGETED_DEVICE_FAMILY = "1,2";
				TEST_TARGET_NAME = NeVA;
			};
			name = Release;
		};
/* End XCBuildConfiguration section */

/* Begin XCConfigurationList section */
		AC8F91701FA9366800D6AB8F /* Build configuration list for PBXProject "NeVA" */ = {
			isa = XCConfigurationList;
			buildConfigurations = (
				AC8F919E1FA9366800D6AB8F /* Debug */,
				AC8F919F1FA9366800D6AB8F /* Release */,
			);
			defaultConfigurationIsVisible = 0;
			defaultConfigurationName = Release;
		};
		AC8F91A01FA9366800D6AB8F /* Build configuration list for PBXNativeTarget "NeVA" */ = {
			isa = XCConfigurationList;
			buildConfigurations = (
				AC8F91A11FA9366800D6AB8F /* Debug */,
				AC8F91A21FA9366800D6AB8F /* Release */,
			);
			defaultConfigurationIsVisible = 0;
			defaultConfigurationName = Release;
		};
		AC8F91A31FA9366800D6AB8F /* Build configuration list for PBXNativeTarget "NeVATests" */ = {
			isa = XCConfigurationList;
			buildConfigurations = (
				AC8F91A41FA9366800D6AB8F /* Debug */,
				AC8F91A51FA9366800D6AB8F /* Release */,
			);
			defaultConfigurationIsVisible = 0;
			defaultConfigurationName = Release;
		};
		AC8F91A61FA9366800D6AB8F /* Build configuration list for PBXNativeTarget "NeVAUITests" */ = {
			isa = XCConfigurationList;
			buildConfigurations = (
				AC8F91A71FA9366800D6AB8F /* Debug */,
				AC8F91A81FA9366800D6AB8F /* Release */,
			);
			defaultConfigurationIsVisible = 0;
			defaultConfigurationName = Release;
		};
/* End XCConfigurationList section */

/* Begin XCVersionGroup section */
		AC8F917F1FA9366800D6AB8F /* NeVA.xcdatamodeld */ = {
			isa = XCVersionGroup;
			children = (
				AC8F91801FA9366800D6AB8F /* NeVA.xcdatamodel */,
			);
			currentVersion = AC8F91801FA9366800D6AB8F /* NeVA.xcdatamodel */;
			path = NeVA.xcdatamodeld;
			sourceTree = "<group>";
			versionGroupType = wrapper.xcdatamodel;
		};
/* End XCVersionGroup section */
	};
	rootObject = AC8F916D1FA9366800D6AB8F /* Project object */;
}
